{
  "name": "PRODUCCION",
  "lockfileVersion": 3,
  "requires": true,
  "packages": {
    "": {
      "dependencies": {
        "d3-dag": "^1.2.2"
      }
    },
    "node_modules/convert-hrtime": {
      "version": "5.0.0",
      "resolved": "https://registry.npmjs.org/convert-hrtime/-/convert-hrtime-5.0.0.tgz",
      "integrity": "sha512-lOETlkIeYSJWcbbcvjRKGxVMXJR+8+OQb/mTPbA4ObPMytYIsUbuOE0Jzy60hjARYszq1id0j8KgVhC+WGZVTg==",
      "license": "MIT",
      "engines": {
        "node": ">=12"
      },
      "funding": {
        "url": "https://github.com/sponsors/sindresorhus"
      }
    },
    "node_modules/d3-array": {
      "version": "3.2.4",
      "resolved": "https://registry.npmjs.org/d3-array/-/d3-array-3.2.4.tgz",
      "integrity": "sha512-tdQAmyA18i4J7wprpYq8ClcxZy3SC31QMeByyCFyRt7BVHdREQZ5lpzoe5mFEYZUWe+oq8HBvk9JjpibyEV4Jg==",
      "license": "ISC",
      "dependencies": {
        "internmap": "1 - 2"
      },
      "engines": {
        "node": ">=12"
      }
    },
    "node_modules/d3-dag": {
      "version": "1.2.2",
      "resolved": "https://registry.npmjs.org/d3-dag/-/d3-dag-1.2.2.tgz",
      "integrity": "sha512-RT4+IEUEthIeIiTb4TUfmrw8o7qINmeRjtvrokmuhfk3KXp8YQX6yZOFUJIq7sHhv5JMpDKR3hHWzYb9q/jUaQ==",
      "license": "MIT",
      "dependencies": {
        "d3-array": "^3.2.4",
        "javascript-lp-solver": "^1.0.3",
        "quadprog": "^1.6.1",
        "stringify-object": "^6.0.0"
      }
    },
    "node_modules/function-timeout": {
      "version": "1.0.2",
      "resolved": "https://registry.npmjs.org/function-timeout/-/function-timeout-1.0.2.tgz",
      "integrity": "sha512-939eZS4gJ3htTHAldmyyuzlrD58P03fHG49v2JfFXbV6OhvZKRC9j2yAtdHw/zrp2zXHuv05zMIy40F0ge7spA==",
      "license": "MIT",
      "engines": {
        "node": ">=18"
      },
      "funding": {
        "url": "https://github.com/sponsors/sindresorhus"
      }
    },
    "node_modules/get-own-enumerable-keys": {
      "version": "1.0.0",
      "resolved": "https://registry.npmjs.org/get-own-enumerable-keys/-/get-own-enumerable-keys-1.0.0.tgz",
      "integrity": "sha512-PKsK2FSrQCyxcGHsGrLDcK0lx+0Ke+6e8KFFozA9/fIQLhQzPaRvJFdcz7+Axg3jUH/Mq+NI4xa5u/UT2tQskA==",
      "license": "MIT",
      "engines": {
        "node": ">=14.16"
      },
      "funding": {
        "url": "https://github.com/sponsors/sindresorhus"
      }
    },
    "node_modules/identifier-regex": {
      "version": "1.1.0",
      "resolved": "https://registry.npmjs.org/identifier-regex/-/identifier-regex-1.1.0.tgz",
      "integrity": "sha512-SLX4H/vtcYlYnL7XqnuJKHU7Z8517TgsW9nmQiGOgMCjQ8V/deLYu6bEmbGoXe7WMMhc9+EUGyFFneHja8KabA==",
      "license": "MIT",
      "dependencies": {
        "reserved-identifiers": "^1.0.0"
      },
      "engines": {
        "node": ">=18"
      },
      "funding": {
        "url": "https://github.com/sponsors/sindresorhus"
      }
    },
    "node_modules/internmap": {
      "version": "2.0.3",
      "resolved": "https://registry.npmjs.org/internmap/-/internmap-2.0.3.tgz",
      "integrity": "sha512-5Hh7Y1wQbvY5ooGgPbDaL5iYLAPzMTUrjMulskHLH6wnv/A+1q5rgEaiuqEjB+oxGXIVZs1FF+R/KPN3ZSQYYg==",
      "license": "ISC",
      "engines": {
        "node": ">=12"
      }
    },
    "node_modules/is-identifier": {
      "version": "1.1.0",
      "resolved": "https://registry.npmjs.org/is-identifier/-/is-identifier-1.1.0.tgz",
      "integrity": "sha512-NhOds0mDx9lJu+1lBRO0xbwFo5nobA7GCk/0e5xjr6+6XugX985+0OyGX35BNrTkPAsdLcIKg02HUQJOK8D8kw==",
      "license": "MIT",
      "dependencies": {
        "identifier-regex": "^1.1.0",
        "super-regex": "^1.1.0"
      },
      "engines": {
        "node": ">=18"
      },
      "funding": {
        "url": "https://github.com/sponsors/sindresorhus"
      }
    },
    "node_modules/is-obj": {
      "version": "3.0.0",
      "resolved": "https://registry.npmjs.org/is-obj/-/is-obj-3.0.0.tgz",
      "integrity": "sha512-IlsXEHOjtKhpN8r/tRFj2nDyTmHvcfNeu/nrRIcXE17ROeatXchkojffa1SpdqW4cr/Fj6QkEf/Gn4zf6KKvEQ==",
      "license": "MIT",
      "engines": {
        "node": ">=12"
      },
      "funding": {
        "url": "https://github.com/sponsors/sindresorhus"
      }
    },
    "node_modules/is-regexp": {
      "version": "3.1.0",
      "resolved": "https://registry.npmjs.org/is-regexp/-/is-regexp-3.1.0.tgz",
      "integrity": "sha512-rbku49cWloU5bSMI+zaRaXdQHXnthP6DZ/vLnfdSKyL4zUzuWnomtOEiZZOd+ioQ+avFo/qau3KPTc7Fjy1uPA==",
      "license": "MIT",
      "engines": {
        "node": ">=12"
      },
      "funding": {
        "url": "https://github.com/sponsors/sindresorhus"
      }
    },
    "node_modules/javascript-lp-solver": {
      "version": "1.0.3",
      "resolved": "https://registry.npmjs.org/javascript-lp-solver/-/javascript-lp-solver-1.0.3.tgz",
      "integrity": "sha512-+qUYrubmn227YTz25uf9wOTlgB3wFKGtutECxL1shjOkgi/Tcn3SpnC7+T9rxhv/JNOxLIfZ3O6wEx0FwLlXbw==",
      "license": "Unlicense"
    },
    "node_modules/make-asynchronous": {
      "version": "1.1.0",
      "resolved": "https://registry.npmjs.org/make-asynchronous/-/make-asynchronous-1.1.0.tgz",
      "integrity": "sha512-ayF7iT+44LXdxJLTrTd3TLQpFDDvPCBxXxbv+pMUSuHA5Q8zyAfwkRP6aHHwNVFBUFWtxAHqwNJxF8vMZLAbVg==",
      "license": "MIT",
      "dependencies": {
        "p-event": "^6.0.0",
        "type-fest": "^4.6.0",
        "web-worker": "^1.5.0"
      },
      "engines": {
        "node": ">=18"
      },
      "funding": {
        "url": "https://github.com/sponsors/sindresorhus"
      }
    },
    "node_modules/p-event": {
      "version": "6.0.1",
      "resolved": "https://registry.npmjs.org/p-event/-/p-event-6.0.1.tgz",
      "integrity": "sha512-Q6Bekk5wpzW5qIyUP4gdMEujObYstZl6DMMOSenwBvV0BlE5LkDwkjs5yHbZmdCEq2o4RJx4tE1vwxFVf2FG1w==",
      "license": "MIT",
      "dependencies": {
        "p-timeout": "^6.1.2"
      },
      "engines": {
        "node": ">=16.17"
      },
      "funding": {
        "url": "https://github.com/sponsors/sindresorhus"
      }
    },
    "node_modules/p-timeout": {
      "version": "6.1.4",
      "resolved": "https://registry.npmjs.org/p-timeout/-/p-timeout-6.1.4.tgz",
      "integrity": "sha512-MyIV3ZA/PmyBN/ud8vV9XzwTrNtR4jFrObymZYnZqMmW0zA8Z17vnT0rBgFE/TlohB+YCHqXMgZzb3Csp49vqg==",
      "license": "MIT",
      "engines": {
        "node": ">=14.16"
      },
      "funding": {
        "url": "https://github.com/sponsors/sindresorhus"
      }
    },
    "node_modules/quadprog": {
      "version": "1.6.1",
      "resolved": "https://registry.npmjs.org/quadprog/-/quadprog-1.6.1.tgz",
      "integrity": "sha512-fN5Jkcjlln/b3pJkseDKREf89JkKIyu6cKIVXisgL6ocKPQ0yTp9n6NZUAq3otEPPw78WZMG9K0o9WsfKyMWJw==",
      "license": "MIT",
      "engines": {
        "node": ">=8.x"
      }
    },
    "node_modules/reserved-identifiers": {
      "version": "1.2.0",
      "resolved": "https://registry.npmjs.org/reserved-identifiers/-/reserved-identifiers-1.2.0.tgz",
      "integrity": "sha512-yE7KUfFvaBFzGPs5H3Ops1RevfUEsDc5Iz65rOwWg4lE8HJSYtle77uul3+573457oHvBKuHYDl/xqUkKpEEdw==",
      "license": "MIT",
      "engines": {
        "node": ">=18"
      },
      "funding": {
        "url": "https://github.com/sponsors/sindresorhus"
      }
    },
    "node_modules/stringify-object": {
      "version": "6.0.0",
      "resolved": "https://registry.npmjs.org/stringify-object/-/stringify-object-6.0.0.tgz",
      "integrity": "sha512-6f94vIED6vmJJfh3lyVsVWxCYSfI5uM+16ntED/Ql37XIyV6kj0mRAAiTeMMc/QLYIaizC3bUprQ8pQnDDrKfA==",
      "license": "BSD-2-Clause",
      "dependencies": {
        "get-own-enumerable-keys": "^1.0.0",
        "is-identifier": "^1.0.1",
        "is-obj": "^3.0.0",
        "is-regexp": "^3.1.0"
      },
      "engines": {
        "node": ">=20"
      },
      "funding": {
        "url": "https://github.com/sponsors/sindresorhus"
      }
    },
    "node_modules/super-regex": {
      "version": "1.1.0",
      "resolved": "https://registry.npmjs.org/super-regex/-/super-regex-1.1.0.tgz",
      "integrity": "sha512-WHkws2ZflZe41zj6AolvvmaTrWds/VuyeYr9iPVv/oQeaIoVxMKaushfFWpOGDT+GuBrM/sVqF8KUCYQlSSTdQ==",
      "license": "MIT",
      "dependencies": {
        "function-timeout": "^1.0.1",
        "make-asynchronous": "^1.0.1",
        "time-span": "^5.1.0"
      },
      "engines": {
        "node": ">=18"
      },
      "funding": {
        "url": "https://github.com/sponsors/sindresorhus"
      }
    },
    "node_modules/time-span": {
      "version": "5.1.0",
      "resolved": "https://registry.npmjs.org/time-span/-/time-span-5.1.0.tgz",
      "integrity": "sha512-75voc/9G4rDIJleOo4jPvN4/YC4GRZrY8yy1uU4lwrB3XEQbWve8zXoO5No4eFrGcTAMYyoY67p8jRQdtA1HbA==",
      "license": "MIT",
      "dependencies": {
        "convert-hrtime": "^5.0.0"
      },
      "engines": {
        "node": ">=12"
      },
      "funding": {
        "url": "https://github.com/sponsors/sindresorhus"
      }
    },
    "node_modules/type-fest": {
      "version": "4.41.0",
      "resolved": "https://registry.npmjs.org/type-fest/-/type-fest-4.41.0.tgz",
      "integrity": "sha512-TeTSQ6H5YHvpqVwBRcnLDCBnDOHWYu7IvGbHT6N8AOymcr9PJGjc1GTtiWZTYg0NCgYwvnYWEkVChQAr9bjfwA==",
      "license": "(MIT OR CC0-1.0)",
      "engines": {
        "node": ">=16"
      },
      "funding": {
        "url": "https://github.com/sponsors/sindresorhus"
      }
    },
    "node_modules/web-worker": {
      "version": "1.5.0",
      "resolved": "https://registry.npmjs.org/web-worker/-/web-worker-1.5.0.tgz",
      "integrity": "sha512-RiMReJrTAiA+mBjGONMnjVDP2u3p9R1vkcGz6gDIrOMT3oGuYwX2WRMYI9ipkphSuE5XKEhydbhNEJh4NY9mlw==",
      "license": "Apache-2.0"
    }
  }
}
